
Microsoft Visual Studio Solution File, Format Version 12.00
# Visual Studio 14
VisualStudioVersion = 14.0.24720.0
MinimumVisualStudioVersion = 10.0.40219.1
Project("{FAE04EC0-301F-11D3-BF4B-00C04F79EFBC}") = "Cassis.Core", "Core\Cassis.Core.csproj", "{526F34EE-E76B-4C61-8105-0371B331C253}"
EndProject
Project("{FAE04EC0-301F-11D3-BF4B-00C04F79EFBC}") = "Cassis.Testing.Core", "Testing\Server\Cassis.Testing.Core.csproj", "{885D60EA-D324-46C4-849C-D86FB53EECD4}"
EndProject
Project("{2150E333-8FDC-42A3-9474-1A3956D46DE8}") = "Wcf", "Wcf", "{F4E39FD8-3F16-4F0C-95AB-67A40768538C}"
EndProject
Project("{2150E333-8FDC-42A3-9474-1A3956D46DE8}") = "Core", "Core", "{5DABD165-9061-43B1-ACA7-691906E9A768}"
EndProject
Project("{2150E333-8FDC-42A3-9474-1A3956D46DE8}") = "Solution Items", "Solution Items", "{648A7BDB-921A-4F5E-B5C4-E6A58855B038}"
	ProjectSection(SolutionItems) = preProject
		AssemblyInfo.cs = AssemblyInfo.cs
	EndProjectSection
EndProject
Project("{2150E333-8FDC-42A3-9474-1A3956D46DE8}") = ".nuget", ".nuget", "{08CFD5DB-5CE3-4695-BA33-F506A9CBCD2F}"
EndProject
Project("{159641D6-6404-4A2A-AE62-294DE0FE8301}") = "Cassis.Testing.IntegrationProject", "Testing\IntegrationProject\Cassis.Testing.IntegrationProject.dtproj", "{6EA72E83-4F57-4DA3-8AF0-BFE6E7E4FC56}"
EndProject
Project("{2150E333-8FDC-42A3-9474-1A3956D46DE8}") = "Acceptance", "Acceptance", "{84B91072-4F1D-413B-9511-B56A54217306}"
EndProject
Global
	GlobalSection(SolutionConfigurationPlatforms) = preSolution
		Debug|Any CPU = Debug|Any CPU
		Development|Any CPU = Development|Any CPU
		Release|Any CPU = Release|Any CPU
	EndGlobalSection
	GlobalSection(ProjectConfigurationPlatforms) = postSolution
		{526F34EE-E76B-4C61-8105-0371B331C253}.Debug|Any CPU.ActiveCfg = Debug|Any CPU
		{526F34EE-E76B-4C61-8105-0371B331C253}.Debug|Any CPU.Build.0 = Debug|Any CPU
		{526F34EE-E76B-4C61-8105-0371B331C253}.Development|Any CPU.ActiveCfg = Debug|Any CPU
		{526F34EE-E76B-4C61-8105-0371B331C253}.Development|Any CPU.Build.0 = Debug|Any CPU
		{526F34EE-E76B-4C61-8105-0371B331C253}.Release|Any CPU.ActiveCfg = Release|Any CPU
		{526F34EE-E76B-4C61-8105-0371B331C253}.Release|Any CPU.Build.0 = Release|Any CPU
		{885D60EA-D324-46C4-849C-D86FB53EECD4}.Debug|Any CPU.ActiveCfg = Debug|Any CPU
		{885D60EA-D324-46C4-849C-D86FB53EECD4}.Debug|Any CPU.Build.0 = Debug|Any CPU
		{885D60EA-D324-46C4-849C-D86FB53EECD4}.Development|Any CPU.ActiveCfg = Debug|Any CPU
		{885D60EA-D324-46C4-849C-D86FB53EECD4}.Development|Any CPU.Build.0 = Debug|Any CPU
		{885D60EA-D324-46C4-849C-D86FB53EECD4}.Release|Any CPU.ActiveCfg = Release|Any CPU
		{885D60EA-D324-46C4-849C-D86FB53EECD4}.Release|Any CPU.Build.0 = Release|Any CPU
		{6EA72E83-4F57-4DA3-8AF0-BFE6E7E4FC56}.Debug|Any CPU.ActiveCfg = Development
		{6EA72E83-4F57-4DA3-8AF0-BFE6E7E4FC56}.Debug|Any CPU.Build.0 = Development
		{6EA72E83-4F57-4DA3-8AF0-BFE6E7E4FC56}.Development|Any CPU.ActiveCfg = Development
		{6EA72E83-4F57-4DA3-8AF0-BFE6E7E4FC56}.Development|Any CPU.Build.0 = Development
		{6EA72E83-4F57-4DA3-8AF0-BFE6E7E4FC56}.Release|Any CPU.ActiveCfg = Development
		{6EA72E83-4F57-4DA3-8AF0-BFE6E7E4FC56}.Release|Any CPU.Build.0 = Development
	EndGlobalSection
	GlobalSection(SolutionProperties) = preSolution
		HideSolutionNode = FALSE
	EndGlobalSection
	GlobalSection(NestedProjects) = preSolution
		{526F34EE-E76B-4C61-8105-0371B331C253} = {5DABD165-9061-43B1-ACA7-691906E9A768}
		{885D60EA-D324-46C4-849C-D86FB53EECD4} = {5DABD165-9061-43B1-ACA7-691906E9A768}
		{6EA72E83-4F57-4DA3-8AF0-BFE6E7E4FC56} = {84B91072-4F1D-413B-9511-B56A54217306}
	EndGlobalSection
EndGlobal
